
Microsoft Visual Studio Solution File, Format Version 12.00
# Visual Studio 15
VisualStudioVersion = 15.0.27703.2000
MinimumVisualStudioVersion = 10.0.40219.1
Project("{FAE04EC0-301F-11D3-BF4B-00C04F79EFBC}") = "glTFImport", "glTFImport.csproj", "{D5C378A1-393F-4C39-B641-02A54F094CFA}"
EndProject
Project("{2150E333-8FDC-42A3-9474-1A3956D46DE8}") = "Project Docs", "Project Docs", "{AADC0CB6-457D-4188-9B26-5840BFDD983E}"
	ProjectSection(SolutionItems) = preProject
		..\CODE_OF_CONDUCT.md = ..\CODE_OF_CONDUCT.md
		..\LICENSE = ..\LICENSE
		README.md = README.md
		..\README.md = ..\README.md
	EndProjectSection
EndProject
Global
	GlobalSection(SolutionConfigurationPlatforms) = preSolution
		Debug|Any CPU = Debug|Any CPU
		Release|Any CPU = Release|Any CPU
	EndGlobalSection
	GlobalSection(ProjectConfigurationPlatforms) = postSolution
		{D5C378A1-393F-4C39-B641-02A54F094CFA}.Debug|Any CPU.ActiveCfg = Debug|Any CPU
		{D5C378A1-393F-4C39-B641-02A54F094CFA}.Debug|Any CPU.Build.0 = Debug|Any CPU
		{D5C378A1-393F-4C39-B641-02A54F094CFA}.Release|Any CPU.ActiveCfg = Release|Any CPU
		{D5C378A1-393F-4C39-B641-02A54F094CFA}.Release|Any CPU.Build.0 = Release|Any CPU
	EndGlobalSection
	GlobalSection(SolutionProperties) = preSolution
		HideSolutionNode = FALSE
	EndGlobalSection
	GlobalSection(ExtensibilityGlobals) = postSolution
		SolutionGuid = {F714EB53-933C-4629-98A7-C6DB1536DA14}
	EndGlobalSection
EndGlobal
